{
  "name": "flow-brand-tools",
  "lockfileVersion": 3,
  "requires": true,
  "packages": {
    "": {
      "name": "flow-brand-tools",
      "license": "GPL-3.0-only",
      "dependencies": {
        "@fontsource-variable/google-sans-flex": "5.3.1",
        "@material-symbols/svg-600": "0.47.6",
        "simple-icons": "16.34.0"
      }
    },
    "node_modules/@fontsource-variable/google-sans-flex": {
      "version": "5.3.1",
      "resolved": "https://registry.npmjs.org/@fontsource-variable/google-sans-flex/-/google-sans-flex-5.3.1.tgz",
      "integrity": "sha512-ItkWlFvW61+BmwOMJQfPY81KpvvslqbiTyfYKceOx+0kEFBzTcPbbMVcL9BKrmqhhqnq36kNs7YRbxonovOmNg==",
      "license": "OFL-1.1",
      "funding": {
        "url": "https://github.com/sponsors/ayuhito"
      }
    },
    "node_modules/@material-symbols/svg-600": {
      "version": "0.47.6",
      "resolved": "https://registry.npmjs.org/@material-symbols/svg-600/-/svg-600-0.47.6.tgz",
      "integrity": "sha512-FD3+/4xqtK/km1Ovop+rqgNfUD8TBnDJP+oHvR0ld9aO6rbJJK8OgKxj7WQamIe4TXnxWiaCbC4YPfO55gsnKA==",
      "license": "Apache-2.0"
    },
    "node_modules/simple-icons": {
      "version": "16.34.0",
      "resolved": "https://registry.npmjs.org/simple-icons/-/simple-icons-16.34.0.tgz",
      "integrity": "sha512-UTxKn0PVspk84B2hHF3Dqiqht1yDjJmDc/t4cO7PyCQxCMk6OjEu95pnpGjhLaGeQ4qBrGASbefTIe/+czrX7g==",
      "funding": [
        {
          "type": "opencollective",
          "url": "https://opencollective.com/simple-icons"
        },
        {
          "type": "github",
          "url": "https://github.com/sponsors/simple-icons"
        }
      ],
      "license": "CC0-1.0",
      "engines": {
        "node": ">=0.12.18"
      }
    }
  }
}
